
Microsoft Visual Studio Solution File, Format Version 12.00
# Visual Studio Version 16
VisualStudioVersion = 16.0.31702.278
MinimumVisualStudioVersion = 10.0.40219.1
Project("{9A19103F-16F7-4668-BE54-9A1E7A4F7556}") = "Art", "Art\Art.csproj", "{7E1A28FB-761C-471F-95BF-F71B500733C6}"
EndProject
Global
	GlobalSection(SolutionConfigurationPlatforms) = preSolution
		Debug|Any CPU = Debug|Any CPU
		Release|Any CPU = Release|Any CPU
	EndGlobalSection
	GlobalSection(ProjectConfigurationPlatforms) = postSolution
		{7E1A28FB-761C-471F-95BF-F71B500733C6}.Debug|Any CPU.ActiveCfg = Debug|Any CPU
		{7E1A28FB-761C-471F-95BF-F71B500733C6}.Debug|Any CPU.Build.0 = Debug|Any CPU
		{7E1A28FB-761C-471F-95BF-F71B500733C6}.Release|Any CPU.ActiveCfg = Release|Any CPU
		{7E1A28FB-761C-471F-95BF-F71B500733C6}.Release|Any CPU.Build.0 = Release|Any CPU
	EndGlobalSection
	GlobalSection(SolutionProperties) = preSolution
		HideSolutionNode = FALSE
	EndGlobalSection
	GlobalSection(ExtensibilityGlobals) = postSolution
		SolutionGuid = {752665B6-2B17-4660-A0EE-044FCDCC4261}
	EndGlobalSection
EndGlobal
